{
  "name": "ergogen-toolkit",
  "version": "4.0.0",
  "lockfileVersion": 3,
  "requires": true,
  "packages": {
    "": {
      "name": "ergogen-toolkit",
      "version": "4.0.0",
      "license": "MIT",
      "devDependencies": {
        "@types/vscode": "^1.102.0"
      },
      "engines": {
        "vscode": "^1.102.0"
      }
    },
    "node_modules/@types/vscode": {
      "version": "1.103.0",
      "resolved": "https://registry.npmjs.org/@types/vscode/-/vscode-1.103.0.tgz",
      "integrity": "sha512-o4hanZAQdNfsKecexq9L3eHICd0AAvdbLk6hA60UzGXbGH/q8b/9xv2RgR7vV3ZcHuyKVq7b37IGd/+gM4Tu+Q==",
      "dev": true,
      "license": "MIT"
    }
  }
}
